github.com/pkg/errors v0.9.1 h1:FEBLx1zS214owpjy7qsBeixbURkuhQAwrK5UwLGTwt4=
github.com/pkg/errors v0.9.1/go.mod h1:bwawxfHBFNV+L2hUp1rHADufV3IMtnDRdf1r5NINEl0=
github.com/unixpickle/essentials v1.3.0 h1:H258Z5Uo1pVzFjxD2rwFWzHPN3s0J0jLs5kuxTRSfCs=
github.com/unixpickle/essentials v1.3.0/go.mod h1:dQ1idvqrgrDgub3mfckQm7osVPzT3u9rB6NK/LEhmtQ=
github.com/unixpickle/model3d v0.4.19 h1:IFS7trx+v9ckPlhw/vsg663XOs5s8KTKU8F9KWSnCdI=
github.com/unixpickle/model3d v0.4.19/go.mod h1:bk9rFuX4Lc0Bii9rVzfTd/+E/eKJnqe21QZfhcxUGsM=
github.com/unixpickle/splaytree v1.2.0 h1:GCXr7opRXvTfMCIONcx3z4ST66LIe13bNGWaDCeTq+c=
github.com/unixpickle/splaytree v1.2.0/go.mod h1:Wmzeu7zl1qJVgZXlOdWib73pZlFOsFVgYo3k/72bYDw=
